
Microsoft Visual Studio Solution File, Format Version 12.00
# Visual Studio Version 17
VisualStudioVersion = 17.0.31903.59
MinimumVisualStudioVersion = 10.0.40219.1
Project("{FAE04EC0-301F-11D3-BF4B-00C04F79EFBC}") = "EventHorizon", "src\EventHorizon.csproj", "{5B541266-58E3-4005-AB52-57A522D614D0}"
EndProject
Project("{FAE04EC0-301F-11D3-BF4B-00C04F79EFBC}") = "tests", "tests\tests.csproj", "{DA88EDEB-9961-4262-BC7E-D55E45A68D76}"
EndProject
Global
	GlobalSection(SolutionConfigurationPlatforms) = preSolution
		Debug|Any CPU = Debug|Any CPU
		Release|Any CPU = Release|Any CPU
	EndGlobalSection
	GlobalSection(SolutionProperties) = preSolution
		HideSolutionNode = FALSE
	EndGlobalSection
	GlobalSection(ProjectConfigurationPlatforms) = postSolution
		{5B541266-58E3-4005-AB52-57A522D614D0}.Debug|Any CPU.ActiveCfg = Debug|Any CPU
		{5B541266-58E3-4005-AB52-57A522D614D0}.Debug|Any CPU.Build.0 = Debug|Any CPU
		{5B541266-58E3-4005-AB52-57A522D614D0}.Release|Any CPU.ActiveCfg = Release|Any CPU
		{5B541266-58E3-4005-AB52-57A522D614D0}.Release|Any CPU.Build.0 = Release|Any CPU
		{DA88EDEB-9961-4262-BC7E-D55E45A68D76}.Debug|Any CPU.ActiveCfg = Debug|Any CPU
		{DA88EDEB-9961-4262-BC7E-D55E45A68D76}.Debug|Any CPU.Build.0 = Debug|Any CPU
		{DA88EDEB-9961-4262-BC7E-D55E45A68D76}.Release|Any CPU.ActiveCfg = Release|Any CPU
		{DA88EDEB-9961-4262-BC7E-D55E45A68D76}.Release|Any CPU.Build.0 = Release|Any CPU
	EndGlobalSection
EndGlobal
